
Microsoft Visual Studio Solution File, Format Version 12.00
# Visual Studio Version 16
VisualStudioVersion = 16.0.34407.143
MinimumVisualStudioVersion = 10.0.40219.1
Project("{FAE04EC0-301F-11D3-BF4B-00C04F79EFBC}") = "Dialog_windows", "WindowsFormsApp1\Dialog_windows.csproj", "{21154DD1-7E45-4B37-B741-BFF18677CB2A}"
EndProject
Project("{FAE04EC0-301F-11D3-BF4B-00C04F79EFBC}") = "Elements", "WindowsFormsApp3\Elements.csproj", "{E5E7FC8C-2748-437B-B093-F657E4B8CD9F}"
EndProject
Project("{FAE04EC0-301F-11D3-BF4B-00C04F79EFBC}") = "Anceta", "WindowsFormsApp4\Anceta.csproj", "{93E719EF-013B-4CC7-AB71-69A20D781823}"
EndProject
Project("{FAE04EC0-301F-11D3-BF4B-00C04F79EFBC}") = "Maze", "WindowsFormsApp\Maze.csproj", "{8B970D43-27D8-4CBC-B66C-ABE6CD7494FF}"
EndProject
Project("{FAE04EC0-301F-11D3-BF4B-00C04F79EFBC}") = "MouseClick", "MouseClick\MouseClick.csproj", "{FE7C60BC-8C2E-4BE3-858F-8352898F8A05}"
EndProject
Project("{FAE04EC0-301F-11D3-BF4B-00C04F79EFBC}") = "Dialog_windows_dz", "Dialog_windows_dz\Dialog_windows_dz.csproj", "{DA1489A0-DDBA-46D6-9BE7-37501EF7D8B4}"
EndProject
Project("{FAE04EC0-301F-11D3-BF4B-00C04F79EFBC}") = "Rectangle", "Rectangle\Rectangle.csproj", "{C8006D99-1404-4C18-9736-C01B3069EE0A}"
EndProject
Project("{FAE04EC0-301F-11D3-BF4B-00C04F79EFBC}") = "Timer_", "Timer_\Timer_.csproj", "{E5660732-417B-4B67-B5B0-56186F4AEC88}"
EndProject
Project("{FAE04EC0-301F-11D3-BF4B-00C04F79EFBC}") = "Timer_2", "Timer_2\Timer_2.csproj", "{B453CF84-A88C-4157-AF8B-909BDF340CAD}"
EndProject
Project("{FAE04EC0-301F-11D3-BF4B-00C04F79EFBC}") = "Forms", "Forms\Forms.csproj", "{C4574753-4AB4-456F-A2E1-47E1135FAEF5}"
EndProject
Project("{FAE04EC0-301F-11D3-BF4B-00C04F79EFBC}") = "Tovars", "Tovars\Tovars.csproj", "{C4F9DFFE-18BC-42E0-B37A-34F277E43334}"
EndProject
Project("{FAE04EC0-301F-11D3-BF4B-00C04F79EFBC}") = "Menu", "Menu\Menu.csproj", "{2361FB13-BDA8-4AD1-9036-7D84D4AE0B2A}"
EndProject
Project("{FAE04EC0-301F-11D3-BF4B-00C04F79EFBC}") = "Tovars_dz", "Tovars_dz\Tovars_dz.csproj", "{6F9846D9-8100-4597-B7C9-0877CAE99E92}"
EndProject
Project("{FAE04EC0-301F-11D3-BF4B-00C04F79EFBC}") = "Tasks_menu", "Tasks_menu\Tasks_menu.csproj", "{D21FEC7C-06A4-4490-A28A-3AC31903053D}"
EndProject
Project("{FAE04EC0-301F-11D3-BF4B-00C04F79EFBC}") = "Progress_bar", "Progress_bar\Progress_bar.csproj", "{A17ED74C-8EE3-41FF-8F83-5DF0EAB8998E}"
EndProject
Project("{FAE04EC0-301F-11D3-BF4B-00C04F79EFBC}") = "Slide_show", "Slide_show\Slide_show.csproj", "{F88CAEAB-F075-45AA-AAB8-C3229FA41290}"
EndProject
Project("{FAE04EC0-301F-11D3-BF4B-00C04F79EFBC}") = "Grafics", "Grafics\Grafics.csproj", "{7AC9373E-94F5-467A-B538-5B3F7CF6A1D2}"
EndProject
Project("{FAE04EC0-301F-11D3-BF4B-00C04F79EFBC}") = "Paint", "Paint\Paint.csproj", "{F8DE5503-12A9-494A-AD56-B164B1C44BF7}"
EndProject
Project("{FAE04EC0-301F-11D3-BF4B-00C04F79EFBC}") = "Animation", "Animation\Animation.csproj", "{2696499C-6546-4B29-9F67-034F1D77DD6D}"
EndProject
Project("{FAE04EC0-301F-11D3-BF4B-00C04F79EFBC}") = "Plane", "Plane\Plane.csproj", "{7390C62B-3A21-4349-BC0E-B91A5D824C3B}"
EndProject
Global
	GlobalSection(SolutionConfigurationPlatforms) = preSolution
		Debug|Any CPU = Debug|Any CPU
		Release|Any CPU = Release|Any CPU
	EndGlobalSection
	GlobalSection(ProjectConfigurationPlatforms) = postSolution
		{21154DD1-7E45-4B37-B741-BFF18677CB2A}.Debug|Any CPU.ActiveCfg = Debug|Any CPU
		{21154DD1-7E45-4B37-B741-BFF18677CB2A}.Debug|Any CPU.Build.0 = Debug|Any CPU
		{21154DD1-7E45-4B37-B741-BFF18677CB2A}.Release|Any CPU.ActiveCfg = Release|Any CPU
		{21154DD1-7E45-4B37-B741-BFF18677CB2A}.Release|Any CPU.Build.0 = Release|Any CPU
		{E5E7FC8C-2748-437B-B093-F657E4B8CD9F}.Debug|Any CPU.ActiveCfg = Debug|Any CPU
		{E5E7FC8C-2748-437B-B093-F657E4B8CD9F}.Debug|Any CPU.Build.0 = Debug|Any CPU
		{E5E7FC8C-2748-437B-B093-F657E4B8CD9F}.Release|Any CPU.ActiveCfg = Release|Any CPU
		{E5E7FC8C-2748-437B-B093-F657E4B8CD9F}.Release|Any CPU.Build.0 = Release|Any CPU
		{93E719EF-013B-4CC7-AB71-69A20D781823}.Debug|Any CPU.ActiveCfg = Debug|Any CPU
		{93E719EF-013B-4CC7-AB71-69A20D781823}.Debug|Any CPU.Build.0 = Debug|Any CPU
		{93E719EF-013B-4CC7-AB71-69A20D781823}.Release|Any CPU.ActiveCfg = Release|Any CPU
		{93E719EF-013B-4CC7-AB71-69A20D781823}.Release|Any CPU.Build.0 = Release|Any CPU
		{8B970D43-27D8-4CBC-B66C-ABE6CD7494FF}.Debug|Any CPU.ActiveCfg = Debug|Any CPU
		{8B970D43-27D8-4CBC-B66C-ABE6CD7494FF}.Debug|Any CPU.Build.0 = Debug|Any CPU
		{8B970D43-27D8-4CBC-B66C-ABE6CD7494FF}.Release|Any CPU.ActiveCfg = Release|Any CPU
		{8B970D43-27D8-4CBC-B66C-ABE6CD7494FF}.Release|Any CPU.Build.0 = Release|Any CPU
		{FE7C60BC-8C2E-4BE3-858F-8352898F8A05}.Debug|Any CPU.ActiveCfg = Debug|Any CPU
		{FE7C60BC-8C2E-4BE3-858F-8352898F8A05}.Debug|Any CPU.Build.0 = Debug|Any CPU
		{FE7C60BC-8C2E-4BE3-858F-8352898F8A05}.Release|Any CPU.ActiveCfg = Release|Any CPU
		{FE7C60BC-8C2E-4BE3-858F-8352898F8A05}.Release|Any CPU.Build.0 = Release|Any CPU
		{DA1489A0-DDBA-46D6-9BE7-37501EF7D8B4}.Debug|Any CPU.ActiveCfg = Debug|Any CPU
		{DA1489A0-DDBA-46D6-9BE7-37501EF7D8B4}.Debug|Any CPU.Build.0 = Debug|Any CPU
		{DA1489A0-DDBA-46D6-9BE7-37501EF7D8B4}.Release|Any CPU.ActiveCfg = Release|Any CPU
		{DA1489A0-DDBA-46D6-9BE7-37501EF7D8B4}.Release|Any CPU.Build.0 = Release|Any CPU
		{C8006D99-1404-4C18-9736-C01B3069EE0A}.Debug|Any CPU.ActiveCfg = Debug|Any CPU
		{C8006D99-1404-4C18-9736-C01B3069EE0A}.Debug|Any CPU.Build.0 = Debug|Any CPU
		{C8006D99-1404-4C18-9736-C01B3069EE0A}.Release|Any CPU.ActiveCfg = Release|Any CPU
		{C8006D99-1404-4C18-9736-C01B3069EE0A}.Release|Any CPU.Build.0 = Release|Any CPU
		{E5660732-417B-4B67-B5B0-56186F4AEC88}.Debug|Any CPU.ActiveCfg = Debug|Any CPU
		{E5660732-417B-4B67-B5B0-56186F4AEC88}.Debug|Any CPU.Build.0 = Debug|Any CPU
		{E5660732-417B-4B67-B5B0-56186F4AEC88}.Release|Any CPU.ActiveCfg = Release|Any CPU
		{E5660732-417B-4B67-B5B0-56186F4AEC88}.Release|Any CPU.Build.0 = Release|Any CPU
		{B453CF84-A88C-4157-AF8B-909BDF340CAD}.Debug|Any CPU.ActiveCfg = Debug|Any CPU
		{B453CF84-A88C-4157-AF8B-909BDF340CAD}.Debug|Any CPU.Build.0 = Debug|Any CPU
		{B453CF84-A88C-4157-AF8B-909BDF340CAD}.Release|Any CPU.ActiveCfg = Release|Any CPU
		{B453CF84-A88C-4157-AF8B-909BDF340CAD}.Release|Any CPU.Build.0 = Release|Any CPU
		{C4574753-4AB4-456F-A2E1-47E1135FAEF5}.Debug|Any CPU.ActiveCfg = Debug|Any CPU
		{C4574753-4AB4-456F-A2E1-47E1135FAEF5}.Debug|Any CPU.Build.0 = Debug|Any CPU
		{C4574753-4AB4-456F-A2E1-47E1135FAEF5}.Release|Any CPU.ActiveCfg = Release|Any CPU
		{C4574753-4AB4-456F-A2E1-47E1135FAEF5}.Release|Any CPU.Build.0 = Release|Any CPU
		{C4F9DFFE-18BC-42E0-B37A-34F277E43334}.Debug|Any CPU.ActiveCfg = Debug|Any CPU
		{C4F9DFFE-18BC-42E0-B37A-34F277E43334}.Debug|Any CPU.Build.0 = Debug|Any CPU
		{C4F9DFFE-18BC-42E0-B37A-34F277E43334}.Release|Any CPU.ActiveCfg = Release|Any CPU
		{C4F9DFFE-18BC-42E0-B37A-34F277E43334}.Release|Any CPU.Build.0 = Release|Any CPU
		{2361FB13-BDA8-4AD1-9036-7D84D4AE0B2A}.Debug|Any CPU.ActiveCfg = Debug|Any CPU
		{2361FB13-BDA8-4AD1-9036-7D84D4AE0B2A}.Debug|Any CPU.Build.0 = Debug|Any CPU
		{2361FB13-BDA8-4AD1-9036-7D84D4AE0B2A}.Release|Any CPU.ActiveCfg = Release|Any CPU
		{2361FB13-BDA8-4AD1-9036-7D84D4AE0B2A}.Release|Any CPU.Build.0 = Release|Any CPU
		{6F9846D9-8100-4597-B7C9-0877CAE99E92}.Debug|Any CPU.ActiveCfg = Debug|Any CPU
		{6F9846D9-8100-4597-B7C9-0877CAE99E92}.Debug|Any CPU.Build.0 = Debug|Any CPU
		{6F9846D9-8100-4597-B7C9-0877CAE99E92}.Release|Any CPU.ActiveCfg = Release|Any CPU
		{6F9846D9-8100-4597-B7C9-0877CAE99E92}.Release|Any CPU.Build.0 = Release|Any CPU
		{D21FEC7C-06A4-4490-A28A-3AC31903053D}.Debug|Any CPU.ActiveCfg = Debug|Any CPU
		{D21FEC7C-06A4-4490-A28A-3AC31903053D}.Debug|Any CPU.Build.0 = Debug|Any CPU
		{D21FEC7C-06A4-4490-A28A-3AC31903053D}.Release|Any CPU.ActiveCfg = Release|Any CPU
		{D21FEC7C-06A4-4490-A28A-3AC31903053D}.Release|Any CPU.Build.0 = Release|Any CPU
		{A17ED74C-8EE3-41FF-8F83-5DF0EAB8998E}.Debug|Any CPU.ActiveCfg = Debug|Any CPU
		{A17ED74C-8EE3-41FF-8F83-5DF0EAB8998E}.Debug|Any CPU.Build.0 = Debug|Any CPU
		{A17ED74C-8EE3-41FF-8F83-5DF0EAB8998E}.Release|Any CPU.ActiveCfg = Release|Any CPU
		{A17ED74C-8EE3-41FF-8F83-5DF0EAB8998E}.Release|Any CPU.Build.0 = Release|Any CPU
		{F88CAEAB-F075-45AA-AAB8-C3229FA41290}.Debug|Any CPU.ActiveCfg = Debug|Any CPU
		{F88CAEAB-F075-45AA-AAB8-C3229FA41290}.Debug|Any CPU.Build.0 = Debug|Any CPU
		{F88CAEAB-F075-45AA-AAB8-C3229FA41290}.Release|Any CPU.ActiveCfg = Release|Any CPU
		{F88CAEAB-F075-45AA-AAB8-C3229FA41290}.Release|Any CPU.Build.0 = Release|Any CPU
		{7AC9373E-94F5-467A-B538-5B3F7CF6A1D2}.Debug|Any CPU.ActiveCfg = Debug|Any CPU
		{7AC9373E-94F5-467A-B538-5B3F7CF6A1D2}.Debug|Any CPU.Build.0 = Debug|Any CPU
		{7AC9373E-94F5-467A-B538-5B3F7CF6A1D2}.Release|Any CPU.ActiveCfg = Release|Any CPU
		{7AC9373E-94F5-467A-B538-5B3F7CF6A1D2}.Release|Any CPU.Build.0 = Release|Any CPU
		{F8DE5503-12A9-494A-AD56-B164B1C44BF7}.Debug|Any CPU.ActiveCfg = Debug|Any CPU
		{F8DE5503-12A9-494A-AD56-B164B1C44BF7}.Debug|Any CPU.Build.0 = Debug|Any CPU
		{F8DE5503-12A9-494A-AD56-B164B1C44BF7}.Release|Any CPU.ActiveCfg = Release|Any CPU
		{F8DE5503-12A9-494A-AD56-B164B1C44BF7}.Release|Any CPU.Build.0 = Release|Any CPU
		{2696499C-6546-4B29-9F67-034F1D77DD6D}.Debug|Any CPU.ActiveCfg = Debug|Any CPU
		{2696499C-6546-4B29-9F67-034F1D77DD6D}.Debug|Any CPU.Build.0 = Debug|Any CPU
		{2696499C-6546-4B29-9F67-034F1D77DD6D}.Release|Any CPU.ActiveCfg = Release|Any CPU
		{2696499C-6546-4B29-9F67-034F1D77DD6D}.Release|Any CPU.Build.0 = Release|Any CPU
		{7390C62B-3A21-4349-BC0E-B91A5D824C3B}.Debug|Any CPU.ActiveCfg = Debug|Any CPU
		{7390C62B-3A21-4349-BC0E-B91A5D824C3B}.Debug|Any CPU.Build.0 = Debug|Any CPU
		{7390C62B-3A21-4349-BC0E-B91A5D824C3B}.Release|Any CPU.ActiveCfg = Release|Any CPU
		{7390C62B-3A21-4349-BC0E-B91A5D824C3B}.Release|Any CPU.Build.0 = Release|Any CPU
	EndGlobalSection
	GlobalSection(SolutionProperties) = preSolution
		HideSolutionNode = FALSE
	EndGlobalSection
	GlobalSection(ExtensibilityGlobals) = postSolution
		SolutionGuid = {ED6C1019-1AF0-4614-9316-2DAA2011BCBA}
	EndGlobalSection
EndGlobal
